
Microsoft Visual Studio Solution File, Format Version 9.00
# Visual Studio 2005
Project("{54435603-DBB4-11D2-8724-00A0C9A8B90C}") = "Setup", "Setup\Setup.vdproj", "{7D106D1D-BF60-451B-8EE2-831B8454F2B3}"
EndProject
Project("{8BC9CEB8-8B4A-11D0-8D11-00A0C91BC942}") = "Foundation", "..\Foundation\Foundation.vcproj", "{E6CB1372-3415-4CF0-8B30-CE3F128928B9}"
EndProject
Project("{8BC9CEB8-8B4A-11D0-8D11-00A0C91BC942}") = "Custom", "..\Custom\Custom.vcproj", "{6631EAC8-1091-415D-BF8F-98DF13DFB095}"
EndProject
Project("{8BC9CEB8-8B4A-11D0-8D11-00A0C91BC942}") = "Client", "Client.vcproj", "{C9B5A7B2-6F9C-4ABF-BC0D-C2FDD9C7632B}"
EndProject
Global
	GlobalSection(SolutionConfigurationPlatforms) = preSolution
		Debug|Win32 = Debug|Win32
		Release|Win32 = Release|Win32
	EndGlobalSection
	GlobalSection(ProjectConfigurationPlatforms) = postSolution
		{7D106D1D-BF60-451B-8EE2-831B8454F2B3}.Debug|Win32.ActiveCfg = Debug
		{7D106D1D-BF60-451B-8EE2-831B8454F2B3}.Release|Win32.ActiveCfg = Release
		{E6CB1372-3415-4CF0-8B30-CE3F128928B9}.Debug|Win32.ActiveCfg = Debug|Win32
		{E6CB1372-3415-4CF0-8B30-CE3F128928B9}.Debug|Win32.Build.0 = Debug|Win32
		{E6CB1372-3415-4CF0-8B30-CE3F128928B9}.Release|Win32.ActiveCfg = Release|Win32
		{E6CB1372-3415-4CF0-8B30-CE3F128928B9}.Release|Win32.Build.0 = Release|Win32
		{6631EAC8-1091-415D-BF8F-98DF13DFB095}.Debug|Win32.ActiveCfg = Debug|Win32
		{6631EAC8-1091-415D-BF8F-98DF13DFB095}.Debug|Win32.Build.0 = Debug|Win32
		{6631EAC8-1091-415D-BF8F-98DF13DFB095}.Release|Win32.ActiveCfg = Release|Win32
		{6631EAC8-1091-415D-BF8F-98DF13DFB095}.Release|Win32.Build.0 = Release|Win32
		{C9B5A7B2-6F9C-4ABF-BC0D-C2FDD9C7632B}.Debug|Win32.ActiveCfg = Debug|Win32
		{C9B5A7B2-6F9C-4ABF-BC0D-C2FDD9C7632B}.Debug|Win32.Build.0 = Debug|Win32
		{C9B5A7B2-6F9C-4ABF-BC0D-C2FDD9C7632B}.Release|Win32.ActiveCfg = Release|Win32
		{C9B5A7B2-6F9C-4ABF-BC0D-C2FDD9C7632B}.Release|Win32.Build.0 = Release|Win32
	EndGlobalSection
	GlobalSection(SolutionProperties) = preSolution
		HideSolutionNode = FALSE
	EndGlobalSection
EndGlobal
