
Microsoft Visual Studio Solution File, Format Version 9.00
# Visual Studio 2005
Project("{54435603-DBB4-11D2-8724-00A0C9A8B90C}") = "Setup", "Setup.vdproj", "{C5C216FF-25B6-44F1-88AF-30BB67C721FD}"
EndProject
Global
	GlobalSection(SolutionConfigurationPlatforms) = preSolution
		Debug|Default = Debug|Default
		Release|Default = Release|Default
	EndGlobalSection
	GlobalSection(ProjectConfigurationPlatforms) = postSolution
		{C5C216FF-25B6-44F1-88AF-30BB67C721FD}.Debug|Default.ActiveCfg = Debug
		{C5C216FF-25B6-44F1-88AF-30BB67C721FD}.Debug|Default.Build.0 = Debug
		{C5C216FF-25B6-44F1-88AF-30BB67C721FD}.Release|Default.ActiveCfg = Release
		{C5C216FF-25B6-44F1-88AF-30BB67C721FD}.Release|Default.Build.0 = Release
	EndGlobalSection
	GlobalSection(SolutionProperties) = preSolution
		HideSolutionNode = FALSE
	EndGlobalSection
EndGlobal
